
Microsoft Visual Studio Solution File, Format Version 12.00
# Visual Studio Version 16
VisualStudioVersion = 16.0.30128.74
MinimumVisualStudioVersion = 10.0.40219.1
Project("{FAE04EC0-301F-11D3-BF4B-00C04F79EFBC}") = "PracticeAutofac.ConsoleUi", "PracticeAutofac.ConsoleUi\PracticeAutofac.ConsoleUi.csproj", "{B8D249E9-245A-4B74-8D6C-3EAEFC0ADDD2}"
EndProject
Project("{FAE04EC0-301F-11D3-BF4B-00C04F79EFBC}") = "PracticeAutofac.Library", "PracticeAutofac.Library\PracticeAutofac.Library.csproj", "{83F2F9C1-FA7A-4148-98B2-22CDCD90AF87}"
EndProject
Global
	GlobalSection(SolutionConfigurationPlatforms) = preSolution
		Debug|Any CPU = Debug|Any CPU
		Release|Any CPU = Release|Any CPU
	EndGlobalSection
	GlobalSection(ProjectConfigurationPlatforms) = postSolution
		{B8D249E9-245A-4B74-8D6C-3EAEFC0ADDD2}.Debug|Any CPU.ActiveCfg = Debug|Any CPU
		{B8D249E9-245A-4B74-8D6C-3EAEFC0ADDD2}.Debug|Any CPU.Build.0 = Debug|Any CPU
		{B8D249E9-245A-4B74-8D6C-3EAEFC0ADDD2}.Release|Any CPU.ActiveCfg = Release|Any CPU
		{B8D249E9-245A-4B74-8D6C-3EAEFC0ADDD2}.Release|Any CPU.Build.0 = Release|Any CPU
		{83F2F9C1-FA7A-4148-98B2-22CDCD90AF87}.Debug|Any CPU.ActiveCfg = Debug|Any CPU
		{83F2F9C1-FA7A-4148-98B2-22CDCD90AF87}.Debug|Any CPU.Build.0 = Debug|Any CPU
		{83F2F9C1-FA7A-4148-98B2-22CDCD90AF87}.Release|Any CPU.ActiveCfg = Release|Any CPU
		{83F2F9C1-FA7A-4148-98B2-22CDCD90AF87}.Release|Any CPU.Build.0 = Release|Any CPU
	EndGlobalSection
	GlobalSection(SolutionProperties) = preSolution
		HideSolutionNode = FALSE
	EndGlobalSection
	GlobalSection(ExtensibilityGlobals) = postSolution
		SolutionGuid = {48340E96-30C5-4608-8B9D-4E41A4105482}
	EndGlobalSection
EndGlobal
